// !$*UTF8*$!
{
	archiveVersion = 1;
	classes = {
	};
	objectVersion = 48;
	objects = {

/* Begin PBXBuildFile section */
		B5437EAA1F7E4FCB0060BDB7 /* astar.cpp in Sources */ = {isa = PBXBuildFile; fileRef = B5437EA91F7E4FCB0060BDB7 /* astar.cpp */; };
		B5D7C4B71F7D3B5500BCBE7E /* main.cpp in Sources */ = {isa = PBXBuildFile; fileRef = B5D7C4B61F7D3B5500BCBE7E /* main.cpp */; };
		B5D7C4C11F7D3BBE00BCBE7E /* World.cpp in Sources */ = {isa = PBXBuildFile; fileRef = B5D7C4BF1F7D3BBE00BCBE7E /* World.cpp */; };
		B5D7C4C41F7D3BE100BCBE7E /* Spot.cpp in Sources */ = {isa = PBXBuildFile; fileRef = B5D7C4C21F7D3BE100BCBE7E /* Spot.cpp */; };
		B5D7C4C71F7D3BEA00BCBE7E /* Creature.cpp in Sources */ = {isa = PBXBuildFile; fileRef = B5D7C4C51F7D3BEA00BCBE7E /* Creature.cpp */; };
/* End PBXBuildFile section */

/* Begin PBXCopyFilesBuildPhase section */
		B5D7C4B11F7D3B5400BCBE7E /* CopyFiles */ = {
			isa = PBXCopyFilesBuildPhase;
			buildActionMask = 2147483647;
			dstPath = /usr/share/man/man1/;
			dstSubfolderSpec = 0;
			files = (
			);
			runOnlyForDeploymentPostprocessing = 1;
		};
/* End PBXCopyFilesBuildPhase section */

/* Begin PBXFileReference section */
		B5437EA91F7E4FCB0060BDB7 /* astar.cpp */ = {isa = PBXFileReference; lastKnownFileType = sourcecode.cpp.cpp; path = astar.cpp; sourceTree = "<group>"; };
		B5D7C4B31F7D3B5500BCBE7E /* Evol'artist */ = {isa = PBXFileReference; explicitFileType = "compiled.mach-o.executable"; includeInIndex = 0; path = "Evol'artist"; sourceTree = BUILT_PRODUCTS_DIR; };
		B5D7C4B61F7D3B5500BCBE7E /* main.cpp */ = {isa = PBXFileReference; lastKnownFileType = sourcecode.cpp.cpp; path = main.cpp; sourceTree = "<group>"; };
		B5D7C4BF1F7D3BBE00BCBE7E /* World.cpp */ = {isa = PBXFileReference; lastKnownFileType = sourcecode.cpp.cpp; path = World.cpp; sourceTree = "<group>"; };
		B5D7C4C01F7D3BBE00BCBE7E /* World.hpp */ = {isa = PBXFileReference; lastKnownFileType = sourcecode.cpp.h; path = World.hpp; sourceTree = "<group>"; };
		B5D7C4C21F7D3BE100BCBE7E /* Spot.cpp */ = {isa = PBXFileReference; lastKnownFileType = sourcecode.cpp.cpp; path = Spot.cpp; sourceTree = "<group>"; };
		B5D7C4C31F7D3BE100BCBE7E /* Spot.hpp */ = {isa = PBXFileReference; lastKnownFileType = sourcecode.cpp.h; path = Spot.hpp; sourceTree = "<group>"; };
		B5D7C4C51F7D3BEA00BCBE7E /* Creature.cpp */ = {isa = PBXFileReference; lastKnownFileType = sourcecode.cpp.cpp; path = Creature.cpp; sourceTree = "<group>"; };
		B5D7C4C61F7D3BEA00BCBE7E /* Creature.hpp */ = {isa = PBXFileReference; lastKnownFileType = sourcecode.cpp.h; path = Creature.hpp; sourceTree = "<group>"; };
		B5D7C4C91F7D534F00BCBE7E /* README.md */ = {isa = PBXFileReference; fileEncoding = 4; lastKnownFileType = net.daringfireball.markdown; path = README.md; sourceTree = "<group>"; };
		B5D7C4CA1F7D534F00BCBE7E /* ideas */ = {isa = PBXFileReference; lastKnownFileType = folder; path = ideas; sourceTree = "<group>"; };
/* End PBXFileReference section */

/* Begin PBXFrameworksBuildPhase section */
		B5D7C4B01F7D3B5400BCBE7E /* Frameworks */ = {
			isa = PBXFrameworksBuildPhase;
			buildActionMask = 2147483647;
			files = (
			);
			runOnlyForDeploymentPostprocessing = 0;
		};
/* End PBXFrameworksBuildPhase section */

/* Begin PBXGroup section */
		B5437EA81F7E4FAE0060BDB7 /* utils */ = {
			isa = PBXGroup;
			children = (
				B5437EA91F7E4FCB0060BDB7 /* astar.cpp */,
			);
			path = utils;
			sourceTree = "<group>";
		};
		B5D7C4AA1F7D3B5400BCBE7E = {
			isa = PBXGroup;
			children = (
				B5D7C4CA1F7D534F00BCBE7E /* ideas */,
				B5D7C4C91F7D534F00BCBE7E /* README.md */,
				B5D7C4B51F7D3B5500BCBE7E /* Evol'artist */,
				B5D7C4B41F7D3B5500BCBE7E /* Products */,
			);
			sourceTree = "<group>";
		};
		B5D7C4B41F7D3B5500BCBE7E /* Products */ = {
			isa = PBXGroup;
			children = (
				B5D7C4B31F7D3B5500BCBE7E /* Evol'artist */,
			);
			name = Products;
			sourceTree = "<group>";
		};
		B5D7C4B51F7D3B5500BCBE7E /* Evol'artist */ = {
			isa = PBXGroup;
			children = (
				B5D7C4BD1F7D3B9C00BCBE7E /* src */,
			);
			path = "Evol'artist";
			sourceTree = "<group>";
		};
		B5D7C4BD1F7D3B9C00BCBE7E /* src */ = {
			isa = PBXGroup;
			children = (
				B5437EA81F7E4FAE0060BDB7 /* utils */,
				B5D7C4BE1F7D3BAB00BCBE7E /* simulEngine */,
				B5D7C4B61F7D3B5500BCBE7E /* main.cpp */,
			);
			path = src;
			sourceTree = "<group>";
		};
		B5D7C4BE1F7D3BAB00BCBE7E /* simulEngine */ = {
			isa = PBXGroup;
			children = (
				B5D7C4BF1F7D3BBE00BCBE7E /* World.cpp */,
				B5D7C4C01F7D3BBE00BCBE7E /* World.hpp */,
				B5D7C4C21F7D3BE100BCBE7E /* Spot.cpp */,
				B5D7C4C31F7D3BE100BCBE7E /* Spot.hpp */,
				B5D7C4C51F7D3BEA00BCBE7E /* Creature.cpp */,
				B5D7C4C61F7D3BEA00BCBE7E /* Creature.hpp */,
			);
			path = simulEngine;
			sourceTree = "<group>";
		};
/* End PBXGroup section */

/* Begin PBXNativeTarget section */
		B5D7C4B21F7D3B5400BCBE7E /* Evol'artist */ = {
			isa = PBXNativeTarget;
			buildConfigurationList = B5D7C4BA1F7D3B5500BCBE7E /* Build configuration list for PBXNativeTarget "Evol'artist" */;
			buildPhases = (
				B5D7C4AF1F7D3B5400BCBE7E /* Sources */,
				B5D7C4B01F7D3B5400BCBE7E /* Frameworks */,
				B5D7C4B11F7D3B5400BCBE7E /* CopyFiles */,
			);
			buildRules = (
			);
			dependencies = (
			);
			name = "Evol'artist";
			productName = "Evol'artist";
			productReference = B5D7C4B31F7D3B5500BCBE7E /* Evol'artist */;
			productType = "com.apple.product-type.tool";
		};
/* End PBXNativeTarget section */

/* Begin PBXProject section */
		B5D7C4AB1F7D3B5400BCBE7E /* Project object */ = {
			isa = PBXProject;
			attributes = {
				LastUpgradeCheck = 0900;
				ORGANIZATIONNAME = LaChapeliere;
				TargetAttributes = {
					B5D7C4B21F7D3B5400BCBE7E = {
						CreatedOnToolsVersion = 9.0;
						ProvisioningStyle = Automatic;
					};
				};
			};
			buildConfigurationList = B5D7C4AE1F7D3B5400BCBE7E /* Build configuration list for PBXProject "Evol'artist" */;
			compatibilityVersion = "Xcode 8.0";
			developmentRegion = en;
			hasScannedForEncodings = 0;
			knownRegions = (
				en,
			);
			mainGroup = B5D7C4AA1F7D3B5400BCBE7E;
			productRefGroup = B5D7C4B41F7D3B5500BCBE7E /* Products */;
			projectDirPath = "";
			projectRoot = "";
			targets = (
				B5D7C4B21F7D3B5400BCBE7E /* Evol'artist */,
			);
		};
/* End PBXProject section */

/* Begin PBXSourcesBuildPhase section */
		B5D7C4AF1F7D3B5400BCBE7E /* Sources */ = {
			isa = PBXSourcesBuildPhase;
			buildActionMask = 2147483647;
			files = (
				B5D7C4C71F7D3BEA00BCBE7E /* Creature.cpp in Sources */,
				B5437EAA1F7E4FCB0060BDB7 /* astar.cpp in Sources */,
				B5D7C4C41F7D3BE100BCBE7E /* Spot.cpp in Sources */,
				B5D7C4C11F7D3BBE00BCBE7E /* World.cpp in Sources */,
				B5D7C4B71F7D3B5500BCBE7E /* main.cpp in Sources */,
			);
			runOnlyForDeploymentPostprocessing = 0;
		};
/* End PBXSourcesBuildPhase section */

/* Begin XCBuildConfiguration section */
		B5D7C4B81F7D3B5500BCBE7E /* Debug */ = {
			isa = XCBuildConfiguration;
			buildSettings = {
				ALWAYS_SEARCH_USER_PATHS = NO;
				CLANG_ANALYZER_NONNULL = YES;
				CLANG_ANALYZER_NUMBER_OBJECT_CONVERSION = YES_AGGRESSIVE;
				CLANG_CXX_LANGUAGE_STANDARD = "gnu++14";
				CLANG_CXX_LIBRARY = "libc++";
				CLANG_ENABLE_MODULES = YES;
				CLANG_ENABLE_OBJC_ARC = YES;
				CLANG_WARN_BLOCK_CAPTURE_AUTORELEASING = YES;
				CLANG_WARN_BOOL_CONVERSION = YES;
				CLANG_WARN_COMMA = YES;
				CLANG_WARN_CONSTANT_CONVERSION = YES;
				CLANG_WARN_DIRECT_OBJC_ISA_USAGE = YES_ERROR;
				CLANG_WARN_DOCUMENTATION_COMMENTS = YES;
				CLANG_WARN_EMPTY_BODY = YES;
				CLANG_WARN_ENUM_CONVERSION = YES;
				CLANG_WARN_INFINITE_RECURSION = YES;
				CLANG_WARN_INT_CONVERSION = YES;
				CLANG_WARN_NON_LITERAL_NULL_CONVERSION = YES;
				CLANG_WARN_OBJC_LITERAL_CONVERSION = YES;
				CLANG_WARN_OBJC_ROOT_CLASS = YES_ERROR;
				CLANG_WARN_RANGE_LOOP_ANALYSIS = YES;
				CLANG_WARN_STRICT_PROTOTYPES = YES;
				CLANG_WARN_SUSPICIOUS_MOVE = YES;
				CLANG_WARN_UNGUARDED_AVAILABILITY = YES_AGGRESSIVE;
				CLANG_WARN_UNREACHABLE_CODE = YES;
				CLANG_WARN__DUPLICATE_METHOD_MATCH = YES;
				CODE_SIGN_IDENTITY = "-";
				COPY_PHASE_STRIP = NO;
				DEBUG_INFORMATION_FORMAT = dwarf;
				ENABLE_STRICT_OBJC_MSGSEND = YES;
				ENABLE_TESTABILITY = YES;
				GCC_C_LANGUAGE_STANDARD = gnu11;
				GCC_DYNAMIC_NO_PIC = NO;
				GCC_NO_COMMON_BLOCKS = YES;
				GCC_OPTIMIZATION_LEVEL = 0;
				GCC_PREPROCESSOR_DEFINITIONS = (
					"DEBUG=1",
					"$(inherited)",
				);
				GCC_WARN_64_TO_32_BIT_CONVERSION = YES;
				GCC_WARN_ABOUT_RETURN_TYPE = YES_ERROR;
				GCC_WARN_UNDECLARED_SELECTOR = YES;
				GCC_WARN_UNINITIALIZED_AUTOS = YES_AGGRESSIVE;
				GCC_WARN_UNUSED_FUNCTION = YES;
				GCC_WARN_UNUSED_VARIABLE = YES;
				MACOSX_DEPLOYMENT_TARGET = 10.12;
				MTL_ENABLE_DEBUG_INFO = YES;
				ONLY_ACTIVE_ARCH = YES;
				SDKROOT = macosx;
			};
			name = Debug;
		};
		B5D7C4B91F7D3B5500BCBE7E /* Release */ = {
			isa = XCBuildConfiguration;
			buildSettings = {
				ALWAYS_SEARCH_USER_PATHS = NO;
				CLANG_ANALYZER_NONNULL = YES;
				CLANG_ANALYZER_NUMBER_OBJECT_CONVERSION = YES_AGGRESSIVE;
				CLANG_CXX_LANGUAGE_STANDARD = "gnu++14";
				CLANG_CXX_LIBRARY = "libc++";
				CLANG_ENABLE_MODULES = YES;
				CLANG_ENABLE_OBJC_ARC = YES;
				CLANG_WARN_BLOCK_CAPTURE_AUTORELEASING = YES;
				CLANG_WARN_BOOL_CONVERSION = YES;
				CLANG_WARN_COMMA = YES;
				CLANG_WARN_CONSTANT_CONVERSION = YES;
				CLANG_WARN_DIRECT_OBJC_ISA_USAGE = YES_ERROR;
				CLANG_WARN_DOCUMENTATION_COMMENTS = YES;
				CLANG_WARN_EMPTY_BODY = YES;
				CLANG_WARN_ENUM_CONVERSION = YES;
				CLANG_WARN_INFINITE_RECURSION = YES;
				CLANG_WARN_INT_CONVERSION = YES;
				CLANG_WARN_NON_LITERAL_NULL_CONVERSION = YES;
				CLANG_WARN_OBJC_LITERAL_CONVERSION = YES;
				CLANG_WARN_OBJC_ROOT_CLASS = YES_ERROR;
				CLANG_WARN_RANGE_LOOP_ANALYSIS = YES;
				CLANG_WARN_STRICT_PROTOTYPES = YES;
				CLANG_WARN_SUSPICIOUS_MOVE = YES;
				CLANG_WARN_UNGUARDED_AVAILABILITY = YES_AGGRESSIVE;
				CLANG_WARN_UNREACHABLE_CODE = YES;
				CLANG_WARN__DUPLICATE_METHOD_MATCH = YES;
				CODE_SIGN_IDENTITY = "-";
				COPY_PHASE_STRIP = NO;
				DEBUG_INFORMATION_FORMAT = "dwarf-with-dsym";
				ENABLE_NS_ASSERTIONS = NO;
				ENABLE_STRICT_OBJC_MSGSEND = YES;
				GCC_C_LANGUAGE_STANDARD = gnu11;
				GCC_NO_COMMON_BLOCKS = YES;
				GCC_WARN_64_TO_32_BIT_CONVERSION = YES;
				GCC_WARN_ABOUT_RETURN_TYPE = YES_ERROR;
				GCC_WARN_UNDECLARED_SELECTOR = YES;
				GCC_WARN_UNINITIALIZED_AUTOS = YES_AGGRESSIVE;
				GCC_WARN_UNUSED_FUNCTION = YES;
				GCC_WARN_UNUSED_VARIABLE = YES;
				MACOSX_DEPLOYMENT_TARGET = 10.12;
				MTL_ENABLE_DEBUG_INFO = NO;
				SDKROOT = macosx;
			};
			name = Release;
		};
		B5D7C4BB1F7D3B5500BCBE7E /* Debug */ = {
			isa = XCBuildConfiguration;
			buildSettings = {
				CODE_SIGN_STYLE = Automatic;
				PRODUCT_NAME = "$(TARGET_NAME)";
			};
			name = Debug;
		};
		B5D7C4BC1F7D3B5500BCBE7E /* Release */ = {
			isa = XCBuildConfiguration;
			buildSettings = {
				CODE_SIGN_STYLE = Automatic;
				PRODUCT_NAME = "$(TARGET_NAME)";
			};
			name = Release;
		};
/* End XCBuildConfiguration section */

/* Begin XCConfigurationList section */
		B5D7C4AE1F7D3B5400BCBE7E /* Build configuration list for PBXProject "Evol'artist" */ = {
			isa = XCConfigurationList;
			buildConfigurations = (
				B5D7C4B81F7D3B5500BCBE7E /* Debug */,
				B5D7C4B91F7D3B5500BCBE7E /* Release */,
			);
			defaultConfigurationIsVisible = 0;
			defaultConfigurationName = Release;
		};
		B5D7C4BA1F7D3B5500BCBE7E /* Build configuration list for PBXNativeTarget "Evol'artist" */ = {
			isa = XCConfigurationList;
			buildConfigurations = (
				B5D7C4BB1F7D3B5500BCBE7E /* Debug */,
				B5D7C4BC1F7D3B5500BCBE7E /* Release */,
			);
			defaultConfigurationIsVisible = 0;
			defaultConfigurationName = Release;
		};
/* End XCConfigurationList section */
	};
	rootObject = B5D7C4AB1F7D3B5400BCBE7E /* Project object */;
}
